{
  "nodes": {
    "impermanence": {
      "locked": {
        "lastModified": 1646131459,
        "narHash": "sha256-GPmgxvUFvQ1GmsGfWHy9+rcxWrczeDhS9XnAIPHi9XQ=",
        "owner": "nix-community",
        "repo": "impermanence",
        "rev": "2f39baeb7d039fda5fc8225111bb79474138e6f4",
        "type": "github"
      },
      "original": {
        "owner": "nix-community",
        "repo": "impermanence",
        "type": "github"
      }
    },
    "nixpkgs": {
      "locked": {
        "lastModified": 1660576728,
        "narHash": "sha256-crny7K4OqgiFssF7BalSfD3lvqW1pr3k1R5UXUmjgLM=",
        "owner": "ashkitten",
        "repo": "nixpkgs",
        "rev": "b3ae40f9ea04ff33ac1b25d1fe81121cdca0c639",
        "type": "github"
      },
      "original": {
        "owner": "ashkitten",
        "ref": "nyrina",
        "repo": "nixpkgs",
        "type": "github"
      }
    },
    "nixpkgs-22_05": {
      "locked": {
        "lastModified": 1660410996,
        "narHash": "sha256-arkfX1YYFmwMyDTCguzoOI4epABC41FGQU4J1/G3/9M=",
        "owner": "NixOS",
        "repo": "nixpkgs",
        "rev": "70b6236f3cbc815f2cae8d597418c714cf83d1c8",
        "type": "github"
      },
      "original": {
        "owner": "NixOS",
        "ref": "release-22.05",
        "repo": "nixpkgs",
        "type": "github"
      }
    },
    "root": {
      "inputs": {
        "impermanence": "impermanence",
        "nixpkgs": "nixpkgs",
        "sops-nix": "sops-nix"
      }
    },
    "sops-nix": {
      "inputs": {
        "nixpkgs": [
          "nixpkgs"
        ],
        "nixpkgs-22_05": "nixpkgs-22_05"
      },
      "locked": {
        "lastModified": 1660540143,
        "narHash": "sha256-oqeOdJH0ey/UyG1G31BV6Lk8qjI+VKboTpTJB317OhM=",
        "owner": "Mic92",
        "repo": "sops-nix",
        "rev": "773365016f5202a199f5aff72cac75c64add4528",
        "type": "github"
      },
      "original": {
        "owner": "Mic92",
        "repo": "sops-nix",
        "type": "github"
      }
    }
  },
  "root": "root",
  "version": 7
}
